
Microsoft Visual Studio Solution File, Format Version 11.00
# Visual Studio 2010
Project("{2150E333-8FDC-42A3-9474-1A3956D46DE8}") = "Solution Items", "Solution Items", "{C195A647-5716-4341-ABCB-53A28C73992A}"
	ProjectSection(SolutionItems) = preProject
		Local.testsettings = Local.testsettings
		TraceAndTestImpact.testsettings = TraceAndTestImpact.testsettings
	EndProjectSection
EndProject
Project("{FAE04EC0-301F-11D3-BF4B-00C04F79EFBC}") = "CodeAssassin.ZoneIdentifier.Tests", "ZoneIdentifier.Tests\CodeAssassin.ZoneIdentifier.Tests.csproj", "{A08E0853-1DAD-43EB-A0B6-988D87CAB46F}"
EndProject
Project("{FAE04EC0-301F-11D3-BF4B-00C04F79EFBC}") = "CodeAssassin.ZoneIdentifier", "ZoneIdentifier\CodeAssassin.ZoneIdentifier.csproj", "{9F9DAB41-6C1F-4213-838E-AE467D98EEEF}"
EndProject
Global
	GlobalSection(SolutionConfigurationPlatforms) = preSolution
		Debug|Any CPU = Debug|Any CPU
		Release|Any CPU = Release|Any CPU
	EndGlobalSection
	GlobalSection(ProjectConfigurationPlatforms) = postSolution
		{A08E0853-1DAD-43EB-A0B6-988D87CAB46F}.Debug|Any CPU.ActiveCfg = Debug|Any CPU
		{A08E0853-1DAD-43EB-A0B6-988D87CAB46F}.Debug|Any CPU.Build.0 = Debug|Any CPU
		{A08E0853-1DAD-43EB-A0B6-988D87CAB46F}.Release|Any CPU.ActiveCfg = Release|Any CPU
		{A08E0853-1DAD-43EB-A0B6-988D87CAB46F}.Release|Any CPU.Build.0 = Release|Any CPU
		{9F9DAB41-6C1F-4213-838E-AE467D98EEEF}.Debug|Any CPU.ActiveCfg = Debug|Any CPU
		{9F9DAB41-6C1F-4213-838E-AE467D98EEEF}.Debug|Any CPU.Build.0 = Debug|Any CPU
		{9F9DAB41-6C1F-4213-838E-AE467D98EEEF}.Release|Any CPU.ActiveCfg = Release|Any CPU
		{9F9DAB41-6C1F-4213-838E-AE467D98EEEF}.Release|Any CPU.Build.0 = Release|Any CPU
	EndGlobalSection
	GlobalSection(SolutionProperties) = preSolution
		HideSolutionNode = FALSE
	EndGlobalSection
EndGlobal
